PODS:
  - AppLovinSDK (13.5.0)
  - audioplayers_darwin (0.0.1):
    - Flutter
    - FlutterMacOS
  - FBAEMKit (18.0.1):
    - FBSDKCoreKit_Basics (= 18.0.1)
  - FBAudienceNetwork (6.21.0)
  - FBSDKCoreKit (18.0.1):
    - FBAEMKit (= 18.0.1)
    - FBSDKCoreKit_Basics (= 18.0.1)
  - FBSDKCoreKit_Basics (18.0.1)
  - FBSDKLoginKit (18.0.1):
    - FBSDKCoreKit (= 18.0.1)
  - FBSDKShareKit (18.0.1):
    - FBSDKCoreKit (= 18.0.1)
  - Flutter (1.0.0)
  - Google-Mobile-Ads-SDK (12.14.0):
    - GoogleUserMessagingPlatform (>= 1.1)
  - google_mobile_ads (7.0.0):
    - Flutter
    - Google-Mobile-Ads-SDK (~> 12.14.0)
    - webview_flutter_wkwebview
  - GoogleMobileAdsMediationAppLovin (13.5.0.0):
    - AppLovinSDK (= 13.5.0)
    - Google-Mobile-Ads-SDK (~> 12.0)
  - GoogleMobileAdsMediationFacebook (6.21.0.0):
    - FBAudienceNetwork (= 6.21.0)
    - Google-Mobile-Ads-SDK (~> 12.0)
  - GoogleMobileAdsMediationIronSource (9.1.0.0.0):
    - Google-Mobile-Ads-SDK (~> 12.0)
    - IronSourceSDK (= 9.1.0.0)
  - GoogleMobileAdsMediationUnity (4.16.3.0):
    - Google-Mobile-Ads-SDK (~> 12.0)
    - UnityAds (= 4.16.3)
  - GoogleUserMessagingPlatform (3.1.0)
  - IronSourceAdQualitySDK (9.1.0)
  - IronSourceSDK (9.1.0.0):
    - IronSourceSDK/AdQuality (= 9.1.0.0)
    - IronSourceSDK/Ads (= 9.1.0.0)
  - IronSourceSDK/AdQuality (9.1.0.0):
    - IronSourceAdQualitySDK (~> 9.1.0)
  - IronSourceSDK/Ads (9.1.0.0)
  - onesignal_flutter (5.3.4):
    - Flutter
    - OneSignalXCFramework (= 5.2.15)
  - OneSignalXCFramework (5.2.15):
    - OneSignalXCFramework/OneSignalComplete (= 5.2.15)
  - OneSignalXCFramework/OneSignal (5.2.15):
    - OneSignalXCFramework/OneSignalCore
    - OneSignalXCFramework/OneSignalExtension
    - OneSignalXCFramework/OneSignalLiveActivities
    - OneSignalXCFramework/OneSignalNotifications
    - OneSignalXCFramework/OneSignalOSCore
    - OneSignalXCFramework/OneSignalOutcomes
    - OneSignalXCFramework/OneSignalUser
  - OneSignalXCFramework/OneSignalComplete (5.2.15):
    - OneSignalXCFramework/OneSignal
    - OneSignalXCFramework/OneSignalInAppMessages
    - OneSignalXCFramework/OneSignalLocation
  - OneSignalXCFramework/OneSignalCore (5.2.15)
  - OneSignalXCFramework/OneSignalExtension (5.2.15):
    - OneSignalXCFramework/OneSignalCore
    - OneSignalXCFramework/OneSignalOutcomes
  - OneSignalXCFramework/OneSignalInAppMessages (5.2.15):
    - OneSignalXCFramework/OneSignalCore
    - OneSignalXCFramework/OneSignalNotifications
    - OneSignalXCFramework/OneSignalOSCore
    - OneSignalXCFramework/OneSignalOutcomes
    - OneSignalXCFramework/OneSignalUser
  - OneSignalXCFramework/OneSignalLiveActivities (5.2.15):
    - OneSignalXCFramework/OneSignalCore
    - OneSignalXCFramework/OneSignalOSCore
    - OneSignalXCFramework/OneSignalUser
  - OneSignalXCFramework/OneSignalLocation (5.2.15):
    - OneSignalXCFramework/OneSignalCore
    - OneSignalXCFramework/OneSignalNotifications
    - OneSignalXCFramework/OneSignalOSCore
    - OneSignalXCFramework/OneSignalUser
  - OneSignalXCFramework/OneSignalNotifications (5.2.15):
    - OneSignalXCFramework/OneSignalCore
    - OneSignalXCFramework/OneSignalExtension
    - OneSignalXCFramework/OneSignalOutcomes
  - OneSignalXCFramework/OneSignalOSCore (5.2.15):
    - OneSignalXCFramework/OneSignalCore
  - OneSignalXCFramework/OneSignalOutcomes (5.2.15):
    - OneSignalXCFramework/OneSignalCore
  - OneSignalXCFramework/OneSignalUser (5.2.15):
    - OneSignalXCFramework/OneSignalCore
    - OneSignalXCFramework/OneSignalNotifications
    - OneSignalXCFramework/OneSignalOSCore
    - OneSignalXCFramework/OneSignalOutcomes
  - shared_preferences_foundation (0.0.1):
    - Flutter
    - FlutterMacOS
  - UnityAds (4.16.3)
  - url_launcher_ios (0.0.1):
    - Flutter
  - webview_flutter_wkwebview (0.0.1):
    - Flutter
    - FlutterMacOS

DEPENDENCIES:
  - audioplayers_darwin (from `.symlinks/plugins/audioplayers_darwin/darwin`)
  - FBAudienceNetwork (= 6.21.0)
  - FBSDKCoreKit
  - FBSDKLoginKit
  - FBSDKShareKit
  - Flutter (from `Flutter`)
  - google_mobile_ads (from `.symlinks/plugins/google_mobile_ads/ios`)
  - GoogleMobileAdsMediationAppLovin
  - GoogleMobileAdsMediationFacebook (= 6.21.0.0)
  - GoogleMobileAdsMediationIronSource
  - GoogleMobileAdsMediationUnity
  - onesignal_flutter (from `.symlinks/plugins/onesignal_flutter/ios`)
  - shared_preferences_foundation (from `.symlinks/plugins/shared_preferences_foundation/darwin`)
  - url_launcher_ios (from `.symlinks/plugins/url_launcher_ios/ios`)
  - webview_flutter_wkwebview (from `.symlinks/plugins/webview_flutter_wkwebview/darwin`)

SPEC REPOS:
  trunk:
    - AppLovinSDK
    - FBAEMKit
    - FBAudienceNetwork
    - FBSDKCoreKit
    - FBSDKCoreKit_Basics
    - FBSDKLoginKit
    - FBSDKShareKit
    - Google-Mobile-Ads-SDK
    - GoogleMobileAdsMediationAppLovin
    - GoogleMobileAdsMediationFacebook
    - GoogleMobileAdsMediationIronSource
    - GoogleMobileAdsMediationUnity
    - GoogleUserMessagingPlatform
    - IronSourceAdQualitySDK
    - IronSourceSDK
    - OneSignalXCFramework
    - UnityAds

EXTERNAL SOURCES:
  audioplayers_darwin:
    :path: ".symlinks/plugins/audioplayers_darwin/darwin"
  Flutter:
    :path: Flutter
  google_mobile_ads:
    :path: ".symlinks/plugins/google_mobile_ads/ios"
  onesignal_flutter:
    :path: ".symlinks/plugins/onesignal_flutter/ios"
  shared_preferences_foundation:
    :path: ".symlinks/plugins/shared_preferences_foundation/darwin"
  url_launcher_ios:
    :path: ".symlinks/plugins/url_launcher_ios/ios"
  webview_flutter_wkwebview:
    :path: ".symlinks/plugins/webview_flutter_wkwebview/darwin"

SPEC CHECKSUMS:
  AppLovinSDK: bf8974163120910e6b902e9610e7c5a2c0f577b6
  audioplayers_darwin: 4f9ca89d92d3d21cec7ec580e78ca888e5fb68bd
  FBAEMKit: b2ed182002dbcb65d5a60059c9693d322186cd00
  FBAudienceNetwork: f4ab9e073ab98c884dbdb5ffe7c861272b380bc2
  FBSDKCoreKit: 7f96852f2539bdb88ba8d47e5ab4ae70a6f8d691
  FBSDKCoreKit_Basics: 22d4c1a509ded4e45116f3bb167a14907550f62e
  FBSDKLoginKit: f48c06446995cd209332831f692cea28b26e51da
  FBSDKShareKit: d3fef7f6690e173369134beb5f43983d7338e933
  Flutter: cabc95a1d2626b1b06e7179b784ebcf0c0cde467
  Google-Mobile-Ads-SDK: 4534fd2dfcd3f705c5485a6633c5188d03d4eed2
  google_mobile_ads: df3008bafbe1f2ad6862f87334e560d2f047f902
  GoogleMobileAdsMediationAppLovin: 56b7465bf2afc594982b7820d8db8ea092a57ffc
  GoogleMobileAdsMediationFacebook: 664fd50364d36531196bf24fe62d2db84cad72d0
  GoogleMobileAdsMediationIronSource: e5e38b0f52019fcc82116f32df37868ce8dce43b
  GoogleMobileAdsMediationUnity: 2861f3dc5abe7c13fafd11bd4484fbd5a762778c
  GoogleUserMessagingPlatform: befe603da6501006420c206222acd449bba45a9c
  IronSourceAdQualitySDK: 004e42fe12e9e95a0665eaf35ac852a73a757d10
  IronSourceSDK: 42f7abe6ab74a76d27d9325718471ebe72dde3d2
  onesignal_flutter: 6e6254c04f61c8d71d2b9a511bd19f8977eb44e4
  OneSignalXCFramework: ea9e14a95b92ad48d9b35037cbae88a9542bdea3
  shared_preferences_foundation: 7036424c3d8ec98dfe75ff1667cb0cd531ec82bb
  UnityAds: 64164885dd38214bfc556eb074ab1995cc613fbf
  url_launcher_ios: 7a95fa5b60cc718a708b8f2966718e93db0cef1b
  webview_flutter_wkwebview: 8ebf4fded22593026f7dbff1fbff31ea98573c8d

PODFILE CHECKSUM: fb64049fb7e55c7e71ed1bc002fcc1b482e606a7

COCOAPODS: 1.16.2
